
Microsoft Visual Studio Solution File, Format Version 12.00
# Visual Studio 15
VisualStudioVersion = 15.0.28307.902
MinimumVisualStudioVersion = 10.0.40219.1
Project("{FAE04EC0-301F-11D3-BF4B-00C04F79EFBC}") = "IinterviewS", "IinterviewS\IinterviewS.csproj", "{858B4EB5-B75D-49AE-818C-E1C1BFB08921}"
EndProject
Project("{FAE04EC0-301F-11D3-BF4B-00C04F79EFBC}") = "Interview.MVC", "Interview.MVC\Interview.MVC.csproj", "{CE0B3718-6D54-480C-B845-C293DE5DDE1F}"
EndProject
Project("{FAE04EC0-301F-11D3-BF4B-00C04F79EFBC}") = "Interview.API", "Interview.API\Interview.API.csproj", "{AF168E56-F440-4097-BAEA-A24198B5993E}"
EndProject
Project("{FAE04EC0-301F-11D3-BF4B-00C04F79EFBC}") = "Interview.CoreApp", "Interview.CoreApp\Interview.CoreApp.csproj", "{46E5C744-A147-40AF-A2FE-FCF6BF81E0E0}"
EndProject
Global
	GlobalSection(SolutionConfigurationPlatforms) = preSolution
		Debug|Any CPU = Debug|Any CPU
		Release|Any CPU = Release|Any CPU
	EndGlobalSection
	GlobalSection(ProjectConfigurationPlatforms) = postSolution
		{858B4EB5-B75D-49AE-818C-E1C1BFB08921}.Debug|Any CPU.ActiveCfg = Debug|Any CPU
		{858B4EB5-B75D-49AE-818C-E1C1BFB08921}.Debug|Any CPU.Build.0 = Debug|Any CPU
		{858B4EB5-B75D-49AE-818C-E1C1BFB08921}.Release|Any CPU.ActiveCfg = Release|Any CPU
		{858B4EB5-B75D-49AE-818C-E1C1BFB08921}.Release|Any CPU.Build.0 = Release|Any CPU
		{CE0B3718-6D54-480C-B845-C293DE5DDE1F}.Debug|Any CPU.ActiveCfg = Debug|Any CPU
		{CE0B3718-6D54-480C-B845-C293DE5DDE1F}.Debug|Any CPU.Build.0 = Debug|Any CPU
		{CE0B3718-6D54-480C-B845-C293DE5DDE1F}.Release|Any CPU.ActiveCfg = Release|Any CPU
		{CE0B3718-6D54-480C-B845-C293DE5DDE1F}.Release|Any CPU.Build.0 = Release|Any CPU
		{AF168E56-F440-4097-BAEA-A24198B5993E}.Debug|Any CPU.ActiveCfg = Debug|Any CPU
		{AF168E56-F440-4097-BAEA-A24198B5993E}.Debug|Any CPU.Build.0 = Debug|Any CPU
		{AF168E56-F440-4097-BAEA-A24198B5993E}.Release|Any CPU.ActiveCfg = Release|Any CPU
		{AF168E56-F440-4097-BAEA-A24198B5993E}.Release|Any CPU.Build.0 = Release|Any CPU
		{46E5C744-A147-40AF-A2FE-FCF6BF81E0E0}.Debug|Any CPU.ActiveCfg = Debug|Any CPU
		{46E5C744-A147-40AF-A2FE-FCF6BF81E0E0}.Debug|Any CPU.Build.0 = Debug|Any CPU
		{46E5C744-A147-40AF-A2FE-FCF6BF81E0E0}.Release|Any CPU.ActiveCfg = Release|Any CPU
		{46E5C744-A147-40AF-A2FE-FCF6BF81E0E0}.Release|Any CPU.Build.0 = Release|Any CPU
	EndGlobalSection
	GlobalSection(SolutionProperties) = preSolution
		HideSolutionNode = FALSE
	EndGlobalSection
	GlobalSection(ExtensibilityGlobals) = postSolution
		SolutionGuid = {AF053F18-8583-48ED-A0B7-84805CF15C8A}
	EndGlobalSection
EndGlobal
