
Microsoft Visual Studio Solution File, Format Version 12.00
# Visual Studio Version 16
VisualStudioVersion = 16.0.29728.190
MinimumVisualStudioVersion = 10.0.40219.1
Project("{FAE04EC0-301F-11D3-BF4B-00C04F79EFBC}") = "IinterviewS", "IinterviewS\IinterviewS.csproj", "{858B4EB5-B75D-49AE-818C-E1C1BFB08921}"
EndProject
Project("{FAE04EC0-301F-11D3-BF4B-00C04F79EFBC}") = "Interview.MVC", "Interview.MVC\Interview.MVC.csproj", "{CE0B3718-6D54-480C-B845-C293DE5DDE1F}"
EndProject
Project("{FAE04EC0-301F-11D3-BF4B-00C04F79EFBC}") = "Interview.API", "Interview.API\Interview.API.csproj", "{AF168E56-F440-4097-BAEA-A24198B5993E}"
EndProject
Project("{9A19103F-16F7-4668-BE54-9A1E7A4F7556}") = "Interview.CoreApp", "Interview.CoreApp\Interview.CoreApp.csproj", "{46E5C744-A147-40AF-A2FE-FCF6BF81E0E0}"
EndProject
Project("{9A19103F-16F7-4668-BE54-9A1E7A4F7556}") = "AngularCrud", "AngularCrud\AngularCrud.csproj", "{E455B80E-E3B2-4283-AC7B-36E889169A2A}"
EndProject
Project("{9A19103F-16F7-4668-BE54-9A1E7A4F7556}") = "InterviewCoreApi", "InterviewCoreApi\InterviewCoreApi.csproj", "{E729BCFE-F429-4936-81AF-4FA5967D0B54}"
EndProject
Project("{9A19103F-16F7-4668-BE54-9A1E7A4F7556}") = "TestApiCore", "TestApiCore\TestApiCore.csproj", "{0417EC3E-86CA-4468-ACB0-220773EB64F3}"
EndProject
Project("{FAE04EC0-301F-11D3-BF4B-00C04F79EFBC}") = "ConsoleApp1", "ConsoleApp1\ConsoleApp1.csproj", "{DAFE0826-CCE9-4883-B9FF-74B251B7756B}"
EndProject
Global
	GlobalSection(SolutionConfigurationPlatforms) = preSolution
		Debug|Any CPU = Debug|Any CPU
		Release|Any CPU = Release|Any CPU
	EndGlobalSection
	GlobalSection(ProjectConfigurationPlatforms) = postSolution
		{858B4EB5-B75D-49AE-818C-E1C1BFB08921}.Debug|Any CPU.ActiveCfg = Debug|Any CPU
		{858B4EB5-B75D-49AE-818C-E1C1BFB08921}.Debug|Any CPU.Build.0 = Debug|Any CPU
		{858B4EB5-B75D-49AE-818C-E1C1BFB08921}.Release|Any CPU.ActiveCfg = Release|Any CPU
		{858B4EB5-B75D-49AE-818C-E1C1BFB08921}.Release|Any CPU.Build.0 = Release|Any CPU
		{CE0B3718-6D54-480C-B845-C293DE5DDE1F}.Debug|Any CPU.ActiveCfg = Debug|Any CPU
		{CE0B3718-6D54-480C-B845-C293DE5DDE1F}.Debug|Any CPU.Build.0 = Debug|Any CPU
		{CE0B3718-6D54-480C-B845-C293DE5DDE1F}.Release|Any CPU.ActiveCfg = Release|Any CPU
		{CE0B3718-6D54-480C-B845-C293DE5DDE1F}.Release|Any CPU.Build.0 = Release|Any CPU
		{AF168E56-F440-4097-BAEA-A24198B5993E}.Debug|Any CPU.ActiveCfg = Debug|Any CPU
		{AF168E56-F440-4097-BAEA-A24198B5993E}.Debug|Any CPU.Build.0 = Debug|Any CPU
		{AF168E56-F440-4097-BAEA-A24198B5993E}.Release|Any CPU.ActiveCfg = Release|Any CPU
		{AF168E56-F440-4097-BAEA-A24198B5993E}.Release|Any CPU.Build.0 = Release|Any CPU
		{46E5C744-A147-40AF-A2FE-FCF6BF81E0E0}.Debug|Any CPU.ActiveCfg = Debug|Any CPU
		{46E5C744-A147-40AF-A2FE-FCF6BF81E0E0}.Debug|Any CPU.Build.0 = Debug|Any CPU
		{46E5C744-A147-40AF-A2FE-FCF6BF81E0E0}.Release|Any CPU.ActiveCfg = Release|Any CPU
		{46E5C744-A147-40AF-A2FE-FCF6BF81E0E0}.Release|Any CPU.Build.0 = Release|Any CPU
		{E455B80E-E3B2-4283-AC7B-36E889169A2A}.Debug|Any CPU.ActiveCfg = Debug|Any CPU
		{E455B80E-E3B2-4283-AC7B-36E889169A2A}.Debug|Any CPU.Build.0 = Debug|Any CPU
		{E455B80E-E3B2-4283-AC7B-36E889169A2A}.Release|Any CPU.ActiveCfg = Release|Any CPU
		{E455B80E-E3B2-4283-AC7B-36E889169A2A}.Release|Any CPU.Build.0 = Release|Any CPU
		{E729BCFE-F429-4936-81AF-4FA5967D0B54}.Debug|Any CPU.ActiveCfg = Debug|Any CPU
		{E729BCFE-F429-4936-81AF-4FA5967D0B54}.Debug|Any CPU.Build.0 = Debug|Any CPU
		{E729BCFE-F429-4936-81AF-4FA5967D0B54}.Release|Any CPU.ActiveCfg = Release|Any CPU
		{E729BCFE-F429-4936-81AF-4FA5967D0B54}.Release|Any CPU.Build.0 = Release|Any CPU
		{0417EC3E-86CA-4468-ACB0-220773EB64F3}.Debug|Any CPU.ActiveCfg = Debug|Any CPU
		{0417EC3E-86CA-4468-ACB0-220773EB64F3}.Debug|Any CPU.Build.0 = Debug|Any CPU
		{0417EC3E-86CA-4468-ACB0-220773EB64F3}.Release|Any CPU.ActiveCfg = Release|Any CPU
		{0417EC3E-86CA-4468-ACB0-220773EB64F3}.Release|Any CPU.Build.0 = Release|Any CPU
		{DAFE0826-CCE9-4883-B9FF-74B251B7756B}.Debug|Any CPU.ActiveCfg = Debug|Any CPU
		{DAFE0826-CCE9-4883-B9FF-74B251B7756B}.Debug|Any CPU.Build.0 = Debug|Any CPU
		{DAFE0826-CCE9-4883-B9FF-74B251B7756B}.Release|Any CPU.ActiveCfg = Release|Any CPU
		{DAFE0826-CCE9-4883-B9FF-74B251B7756B}.Release|Any CPU.Build.0 = Release|Any CPU
	EndGlobalSection
	GlobalSection(SolutionProperties) = preSolution
		HideSolutionNode = FALSE
	EndGlobalSection
	GlobalSection(ExtensibilityGlobals) = postSolution
		SolutionGuid = {AF053F18-8583-48ED-A0B7-84805CF15C8A}
	EndGlobalSection
EndGlobal
